{
  "version": 4,
  "terraform_version": "1.14.3",
  "serial": 5,
  "lineage": "756a917c-ec5f-ad95-6a66-b918012f3aaf",
  "outputs": {},
  "resources": [
    {
      "mode": "managed",
      "type": "azurerm_resource_group",
      "name": "aks",
      "provider": "provider[\"registry.terraform.io/hashicorp/azurerm\"]",
      "instances": [
        {
          "schema_version": 0,
          "attributes": {
            "id": "/subscriptions/5a188550-e863-4b0f-8459-f8acbd2a901b/resourceGroups/flask-video-streaming",
            "location": "eastus",
            "managed_by": "",
            "name": "flask-video-streaming",
            "tags": {
              "Application": "Flask-Video-Streaming",
              "Environment": "production",
              "ManagedBy": "Terraform",
              "Project": "Video-Platform"
            },
            "timeouts": null
          },
          "sensitive_attributes": [],
          "identity_schema_version": 0,
          "private": "eyJlMmJmYjczMC1lY2FhLTExZTYtOGY4OC0zNDM2M2JjN2M0YzAiOnsiY3JlYXRlIjo1NDAwMDAwMDAwMDAwLCJkZWxldGUiOjU0MDAwMDAwMDAwMDAsInJlYWQiOjMwMDAwMDAwMDAwMCwidXBkYXRlIjo1NDAwMDAwMDAwMDAwfX0="
        }
      ]
    }
  ],
  "check_results": [
    {
      "object_kind": "var",
      "config_addr": "var.system_node_count",
      "status": "pass",
      "objects": [
        {
          "object_addr": "var.system_node_count",
          "status": "pass"
        }
      ]
    },
    {
      "object_kind": "var",
      "config_addr": "var.system_node_min_count",
      "status": "pass",
      "objects": [
        {
          "object_addr": "var.system_node_min_count",
          "status": "pass"
        }
      ]
    }
  ]
}
